// !$*UTF8*$!
{
	archiveVersion = 1;
	classes = {
	};
	objectVersion = 50;
	objects = {

/* Begin PBXBuildFile section */
		0410B5562786E51200B06283 /* AppDelegate.swift in Sources */ = {isa = PBXBuildFile; fileRef = 0410B5552786E51200B06283 /* AppDelegate.swift */; };
		0410B55B2786E51200B06283 /* Main.storyboard in Resources */ = {isa = PBXBuildFile; fileRef = 0410B5592786E51200B06283 /* Main.storyboard */; };
		0410B55D2786E52000B06283 /* Assets.xcassets in Resources */ = {isa = PBXBuildFile; fileRef = 0410B55C2786E52000B06283 /* Assets.xcassets */; };
		0410B5602786E52000B06283 /* LaunchScreen.storyboard in Resources */ = {isa = PBXBuildFile; fileRef = 0410B55E2786E52000B06283 /* LaunchScreen.storyboard */; };
		0410B5692786E5F700B06283 /* HomeViewController.swift in Sources */ = {isa = PBXBuildFile; fileRef = 0410B5682786E5F700B06283 /* HomeViewController.swift */; };
		0410B56C2787DC8900B06283 /* DetailViewController.swift in Sources */ = {isa = PBXBuildFile; fileRef = 0410B56A2787DC8900B06283 /* DetailViewController.swift */; };
		0410B56D2787DC8900B06283 /* DetailViewController.xib in Resources */ = {isa = PBXBuildFile; fileRef = 0410B56B2787DC8900B06283 /* DetailViewController.xib */; };
		04253712278EC11600A79226 /* ActorDetailViewController.swift in Sources */ = {isa = PBXBuildFile; fileRef = 04253710278EC11600A79226 /* ActorDetailViewController.swift */; };
		04253713278EC11600A79226 /* ActorDetailViewController.xib in Resources */ = {isa = PBXBuildFile; fileRef = 04253711278EC11600A79226 /* ActorDetailViewController.xib */; };
		044DDA82278D3B8400E098BA /* ListAlbumViewController.swift in Sources */ = {isa = PBXBuildFile; fileRef = 044DDA80278D3B8400E098BA /* ListAlbumViewController.swift */; };
		044DDA8B278D3F6400E098BA /* Movie.swift in Sources */ = {isa = PBXBuildFile; fileRef = 044DDA8A278D3F6400E098BA /* Movie.swift */; };
		044DDA8F278D5E8F00E098BA /* Categories.swift in Sources */ = {isa = PBXBuildFile; fileRef = 044DDA8E278D5E8F00E098BA /* Categories.swift */; };
		044DDA91278D5EB700E098BA /* Actor.swift in Sources */ = {isa = PBXBuildFile; fileRef = 044DDA90278D5EB700E098BA /* Actor.swift */; };
		044DDA94278D7A0E00E098BA /* ImageCollectionCell.swift in Sources */ = {isa = PBXBuildFile; fileRef = 044DDA92278D7A0E00E098BA /* ImageCollectionCell.swift */; };
		044DDA95278D7A0E00E098BA /* ImageCollectionCell.xib in Resources */ = {isa = PBXBuildFile; fileRef = 044DDA93278D7A0E00E098BA /* ImageCollectionCell.xib */; };
		044DDA9D278D849C00E098BA /* MovieDetailViewController.swift in Sources */ = {isa = PBXBuildFile; fileRef = 044DDA9B278D849C00E098BA /* MovieDetailViewController.swift */; };
		044DDA9E278D849C00E098BA /* MovieDetailViewController.xib in Resources */ = {isa = PBXBuildFile; fileRef = 044DDA9C278D849C00E098BA /* MovieDetailViewController.xib */; };
		044DDAA0278D92C800E098BA /* UIImageView+.swift in Sources */ = {isa = PBXBuildFile; fileRef = 044DDA9F278D92C800E098BA /* UIImageView+.swift */; };
		044DDAC8278E921000E098BA /* MovieDetailCollectionViewCell.swift in Sources */ = {isa = PBXBuildFile; fileRef = 044DDAC6278E921000E098BA /* MovieDetailCollectionViewCell.swift */; };
		044DDAC9278E921000E098BA /* MovieDetailCollectionViewCell.xib in Resources */ = {isa = PBXBuildFile; fileRef = 044DDAC7278E921000E098BA /* MovieDetailCollectionViewCell.xib */; };
		045551D62787EBB700BD58FE /* DetailTableViewCell.swift in Sources */ = {isa = PBXBuildFile; fileRef = 045551D42787EBB700BD58FE /* DetailTableViewCell.swift */; };
		045551D72787EBB700BD58FE /* DetailTableViewCell.xib in Resources */ = {isa = PBXBuildFile; fileRef = 045551D52787EBB700BD58FE /* DetailTableViewCell.xib */; };
		045551DA2787FAFA00BD58FE /* ShowImageViewController.swift in Sources */ = {isa = PBXBuildFile; fileRef = 045551D82787FAFA00BD58FE /* ShowImageViewController.swift */; };
		045551DB2787FAFA00BD58FE /* ShowImageViewController.xib in Resources */ = {isa = PBXBuildFile; fileRef = 045551D92787FAFA00BD58FE /* ShowImageViewController.xib */; };
		045551E327881A3600BD58FE /* Superman.swift in Sources */ = {isa = PBXBuildFile; fileRef = 045551E227881A3600BD58FE /* Superman.swift */; };
		045551EB278823C700BD58FE /* EditNameViewController.swift in Sources */ = {isa = PBXBuildFile; fileRef = 045551E9278823C700BD58FE /* EditNameViewController.swift */; };
		045551EC278823C700BD58FE /* EditNameViewController.xib in Resources */ = {isa = PBXBuildFile; fileRef = 045551EA278823C700BD58FE /* EditNameViewController.xib */; };
/* End PBXBuildFile section */

/* Begin PBXFileReference section */
		0410B5522786E51200B06283 /* BTUIKIT.app */ = {isa = PBXFileReference; explicitFileType = wrapper.application; includeInIndex = 0; path = BTUIKIT.app; sourceTree = BUILT_PRODUCTS_DIR; };
		0410B5552786E51200B06283 /* AppDelegate.swift */ = {isa = PBXFileReference; lastKnownFileType = sourcecode.swift; path = AppDelegate.swift; sourceTree = "<group>"; };
		0410B55A2786E51200B06283 /* Base */ = {isa = PBXFileReference; lastKnownFileType = file.storyboard; name = Base; path = Base.lproj/Main.storyboard; sourceTree = "<group>"; };
		0410B55C2786E52000B06283 /* Assets.xcassets */ = {isa = PBXFileReference; lastKnownFileType = folder.assetcatalog; path = Assets.xcassets; sourceTree = "<group>"; };
		0410B55F2786E52000B06283 /* Base */ = {isa = PBXFileReference; lastKnownFileType = file.storyboard; name = Base; path = Base.lproj/LaunchScreen.storyboard; sourceTree = "<group>"; };
		0410B5612786E52000B06283 /* Info.plist */ = {isa = PBXFileReference; lastKnownFileType = text.plist.xml; path = Info.plist; sourceTree = "<group>"; };
		0410B5682786E5F700B06283 /* HomeViewController.swift */ = {isa = PBXFileReference; lastKnownFileType = sourcecode.swift; path = HomeViewController.swift; sourceTree = "<group>"; };
		0410B56A2787DC8900B06283 /* DetailViewController.swift */ = {isa = PBXFileReference; lastKnownFileType = sourcecode.swift; path = DetailViewController.swift; sourceTree = "<group>"; };
		0410B56B2787DC8900B06283 /* DetailViewController.xib */ = {isa = PBXFileReference; lastKnownFileType = file.xib; path = DetailViewController.xib; sourceTree = "<group>"; };
		04253710278EC11600A79226 /* ActorDetailViewController.swift */ = {isa = PBXFileReference; lastKnownFileType = sourcecode.swift; path = ActorDetailViewController.swift; sourceTree = "<group>"; };
		04253711278EC11600A79226 /* ActorDetailViewController.xib */ = {isa = PBXFileReference; lastKnownFileType = file.xib; path = ActorDetailViewController.xib; sourceTree = "<group>"; };
		044DDA80278D3B8400E098BA /* ListAlbumViewController.swift */ = {isa = PBXFileReference; lastKnownFileType = sourcecode.swift; path = ListAlbumViewController.swift; sourceTree = "<group>"; };
		044DDA8A278D3F6400E098BA /* Movie.swift */ = {isa = PBXFileReference; lastKnownFileType = sourcecode.swift; path = Movie.swift; sourceTree = "<group>"; };
		044DDA8E278D5E8F00E098BA /* Categories.swift */ = {isa = PBXFileReference; lastKnownFileType = sourcecode.swift; path = Categories.swift; sourceTree = "<group>"; };
		044DDA90278D5EB700E098BA /* Actor.swift */ = {isa = PBXFileReference; lastKnownFileType = sourcecode.swift; path = Actor.swift; sourceTree = "<group>"; };
		044DDA92278D7A0E00E098BA /* ImageCollectionCell.swift */ = {isa = PBXFileReference; lastKnownFileType = sourcecode.swift; path = ImageCollectionCell.swift; sourceTree = "<group>"; };
		044DDA93278D7A0E00E098BA /* ImageCollectionCell.xib */ = {isa = PBXFileReference; lastKnownFileType = file.xib; path = ImageCollectionCell.xib; sourceTree = "<group>"; };
		044DDA9B278D849C00E098BA /* MovieDetailViewController.swift */ = {isa = PBXFileReference; lastKnownFileType = sourcecode.swift; path = MovieDetailViewController.swift; sourceTree = "<group>"; };
		044DDA9C278D849C00E098BA /* MovieDetailViewController.xib */ = {isa = PBXFileReference; lastKnownFileType = file.xib; path = MovieDetailViewController.xib; sourceTree = "<group>"; };
		044DDA9F278D92C800E098BA /* UIImageView+.swift */ = {isa = PBXFileReference; lastKnownFileType = sourcecode.swift; path = "UIImageView+.swift"; sourceTree = "<group>"; };
		044DDAC6278E921000E098BA /* MovieDetailCollectionViewCell.swift */ = {isa = PBXFileReference; lastKnownFileType = sourcecode.swift; path = MovieDetailCollectionViewCell.swift; sourceTree = "<group>"; };
		044DDAC7278E921000E098BA /* MovieDetailCollectionViewCell.xib */ = {isa = PBXFileReference; lastKnownFileType = file.xib; path = MovieDetailCollectionViewCell.xib; sourceTree = "<group>"; };
		045551D42787EBB700BD58FE /* DetailTableViewCell.swift */ = {isa = PBXFileReference; lastKnownFileType = sourcecode.swift; path = DetailTableViewCell.swift; sourceTree = "<group>"; };
		045551D52787EBB700BD58FE /* DetailTableViewCell.xib */ = {isa = PBXFileReference; lastKnownFileType = file.xib; path = DetailTableViewCell.xib; sourceTree = "<group>"; };
		045551D82787FAFA00BD58FE /* ShowImageViewController.swift */ = {isa = PBXFileReference; lastKnownFileType = sourcecode.swift; path = ShowImageViewController.swift; sourceTree = "<group>"; };
		045551D92787FAFA00BD58FE /* ShowImageViewController.xib */ = {isa = PBXFileReference; lastKnownFileType = file.xib; path = ShowImageViewController.xib; sourceTree = "<group>"; };
		045551E227881A3600BD58FE /* Superman.swift */ = {isa = PBXFileReference; lastKnownFileType = sourcecode.swift; path = Superman.swift; sourceTree = "<group>"; };
		045551E9278823C700BD58FE /* EditNameViewController.swift */ = {isa = PBXFileReference; lastKnownFileType = sourcecode.swift; path = EditNameViewController.swift; sourceTree = "<group>"; };
		045551EA278823C700BD58FE /* EditNameViewController.xib */ = {isa = PBXFileReference; lastKnownFileType = file.xib; path = EditNameViewController.xib; sourceTree = "<group>"; };
/* End PBXFileReference section */

/* Begin PBXFrameworksBuildPhase section */
		0410B54F2786E51200B06283 /* Frameworks */ = {
			isa = PBXFrameworksBuildPhase;
			buildActionMask = 2147483647;
			files = (
			);
			runOnlyForDeploymentPostprocessing = 0;
		};
/* End PBXFrameworksBuildPhase section */

/* Begin PBXGroup section */
		0410B5492786E51200B06283 = {
			isa = PBXGroup;
			children = (
				0410B5542786E51200B06283 /* BTUIKIT */,
				0410B5532786E51200B06283 /* Products */,
			);
			sourceTree = "<group>";
		};
		0410B5532786E51200B06283 /* Products */ = {
			isa = PBXGroup;
			children = (
				0410B5522786E51200B06283 /* BTUIKIT.app */,
			);
			name = Products;
			sourceTree = "<group>";
		};
		0410B5542786E51200B06283 /* BTUIKIT */ = {
			isa = PBXGroup;
			children = (
				0410B5552786E51200B06283 /* AppDelegate.swift */,
				0410B5592786E51200B06283 /* Main.storyboard */,
				0410B55C2786E52000B06283 /* Assets.xcassets */,
				0410B55E2786E52000B06283 /* LaunchScreen.storyboard */,
				0410B5612786E52000B06283 /* Info.plist */,
				044DDAC5278E858700E098BA /* LoadImage */,
				044DDA73278D352F00E098BA /* CollectionView */,
				0410B5672786E5CE00B06283 /* TableView */,
			);
			path = BTUIKIT;
			sourceTree = "<group>";
		};
		0410B5672786E5CE00B06283 /* TableView */ = {
			isa = PBXGroup;
			children = (
				045551E1278819C100BD58FE /* Object */,
				045551E42788223800BD58FE /* Screen Edit */,
				045551DE2788198F00BD58FE /* Screen Home */,
				045551DF278819A000BD58FE /* Screen Image */,
				045551E0278819A900BD58FE /* Screen Show Image */,
			);
			path = TableView;
			sourceTree = "<group>";
		};
		0425370F278EC0F200A79226 /* Screen Actor Detail */ = {
			isa = PBXGroup;
			children = (
				04253710278EC11600A79226 /* ActorDetailViewController.swift */,
				04253711278EC11600A79226 /* ActorDetailViewController.xib */,
			);
			path = "Screen Actor Detail";
			sourceTree = "<group>";
		};
		044DDA73278D352F00E098BA /* CollectionView */ = {
			isa = PBXGroup;
			children = (
				0425370F278EC0F200A79226 /* Screen Actor Detail */,
				044DDA89278D3F1600E098BA /* Object */,
				044DDA96278D82F200E098BA /* Screen Detail */,
				044DDA88278D3EF000E098BA /* Screen Home */,
			);
			path = CollectionView;
			sourceTree = "<group>";
		};
		044DDA88278D3EF000E098BA /* Screen Home */ = {
			isa = PBXGroup;
			children = (
				044DDA80278D3B8400E098BA /* ListAlbumViewController.swift */,
				044DDA92278D7A0E00E098BA /* ImageCollectionCell.swift */,
				044DDA93278D7A0E00E098BA /* ImageCollectionCell.xib */,
			);
			path = "Screen Home";
			sourceTree = "<group>";
		};
		044DDA89278D3F1600E098BA /* Object */ = {
			isa = PBXGroup;
			children = (
				044DDA90278D5EB700E098BA /* Actor.swift */,
				044DDA8E278D5E8F00E098BA /* Categories.swift */,
				044DDA8A278D3F6400E098BA /* Movie.swift */,
			);
			path = Object;
			sourceTree = "<group>";
		};
		044DDA96278D82F200E098BA /* Screen Detail */ = {
			isa = PBXGroup;
			children = (
				044DDA9B278D849C00E098BA /* MovieDetailViewController.swift */,
				044DDA9C278D849C00E098BA /* MovieDetailViewController.xib */,
				044DDAC6278E921000E098BA /* MovieDetailCollectionViewCell.swift */,
				044DDAC7278E921000E098BA /* MovieDetailCollectionViewCell.xib */,
			);
			path = "Screen Detail";
			sourceTree = "<group>";
		};
		044DDAC5278E858700E098BA /* LoadImage */ = {
			isa = PBXGroup;
			children = (
				044DDA9F278D92C800E098BA /* UIImageView+.swift */,
			);
			path = LoadImage;
			sourceTree = "<group>";
		};
		045551DE2788198F00BD58FE /* Screen Home */ = {
			isa = PBXGroup;
			children = (
				0410B5682786E5F700B06283 /* HomeViewController.swift */,
			);
			path = "Screen Home";
			sourceTree = "<group>";
		};
		045551DF278819A000BD58FE /* Screen Image */ = {
			isa = PBXGroup;
			children = (
				0410B56A2787DC8900B06283 /* DetailViewController.swift */,
				0410B56B2787DC8900B06283 /* DetailViewController.xib */,
				045551D42787EBB700BD58FE /* DetailTableViewCell.swift */,
				045551D52787EBB700BD58FE /* DetailTableViewCell.xib */,
			);
			path = "Screen Image";
			sourceTree = "<group>";
		};
		045551E0278819A900BD58FE /* Screen Show Image */ = {
			isa = PBXGroup;
			children = (
				045551D82787FAFA00BD58FE /* ShowImageViewController.swift */,
				045551D92787FAFA00BD58FE /* ShowImageViewController.xib */,
			);
			path = "Screen Show Image";
			sourceTree = "<group>";
		};
		045551E1278819C100BD58FE /* Object */ = {
			isa = PBXGroup;
			children = (
				045551E227881A3600BD58FE /* Superman.swift */,
			);
			path = Object;
			sourceTree = "<group>";
		};
		045551E42788223800BD58FE /* Screen Edit */ = {
			isa = PBXGroup;
			children = (
				045551E9278823C700BD58FE /* EditNameViewController.swift */,
				045551EA278823C700BD58FE /* EditNameViewController.xib */,
			);
			path = "Screen Edit";
			sourceTree = "<group>";
		};
/* End PBXGroup section */

/* Begin PBXNativeTarget section */
		0410B5512786E51200B06283 /* BTUIKIT */ = {
			isa = PBXNativeTarget;
			buildConfigurationList = 0410B5642786E52000B06283 /* Build configuration list for PBXNativeTarget "BTUIKIT" */;
			buildPhases = (
				0410B54E2786E51200B06283 /* Sources */,
				0410B54F2786E51200B06283 /* Frameworks */,
				0410B5502786E51200B06283 /* Resources */,
			);
			buildRules = (
			);
			dependencies = (
			);
			name = BTUIKIT;
			productName = BTUIKIT;
			productReference = 0410B5522786E51200B06283 /* BTUIKIT.app */;
			productType = "com.apple.product-type.application";
		};
/* End PBXNativeTarget section */

/* Begin PBXProject section */
		0410B54A2786E51200B06283 /* Project object */ = {
			isa = PBXProject;
			attributes = {
				LastSwiftUpdateCheck = 1010;
				LastUpgradeCheck = 1010;
				ORGANIZATIONNAME = identifier.demo.1;
				TargetAttributes = {
					0410B5512786E51200B06283 = {
						CreatedOnToolsVersion = 10.1;
					};
				};
			};
			buildConfigurationList = 0410B54D2786E51200B06283 /* Build configuration list for PBXProject "BTUIKIT" */;
			compatibilityVersion = "Xcode 9.3";
			developmentRegion = en;
			hasScannedForEncodings = 0;
			knownRegions = (
				en,
				Base,
			);
			mainGroup = 0410B5492786E51200B06283;
			productRefGroup = 0410B5532786E51200B06283 /* Products */;
			projectDirPath = "";
			projectRoot = "";
			targets = (
				0410B5512786E51200B06283 /* BTUIKIT */,
			);
		};
/* End PBXProject section */

/* Begin PBXResourcesBuildPhase section */
		0410B5502786E51200B06283 /* Resources */ = {
			isa = PBXResourcesBuildPhase;
			buildActionMask = 2147483647;
			files = (
				044DDA9E278D849C00E098BA /* MovieDetailViewController.xib in Resources */,
				045551EC278823C700BD58FE /* EditNameViewController.xib in Resources */,
				0410B5602786E52000B06283 /* LaunchScreen.storyboard in Resources */,
				04253713278EC11600A79226 /* ActorDetailViewController.xib in Resources */,
				045551D72787EBB700BD58FE /* DetailTableViewCell.xib in Resources */,
				0410B55D2786E52000B06283 /* Assets.xcassets in Resources */,
				0410B55B2786E51200B06283 /* Main.storyboard in Resources */,
				044DDAC9278E921000E098BA /* MovieDetailCollectionViewCell.xib in Resources */,
				0410B56D2787DC8900B06283 /* DetailViewController.xib in Resources */,
				045551DB2787FAFA00BD58FE /* ShowImageViewController.xib in Resources */,
				044DDA95278D7A0E00E098BA /* ImageCollectionCell.xib in Resources */,
			);
			runOnlyForDeploymentPostprocessing = 0;
		};
/* End PBXResourcesBuildPhase section */

/* Begin PBXSourcesBuildPhase section */
		0410B54E2786E51200B06283 /* Sources */ = {
			isa = PBXSourcesBuildPhase;
			buildActionMask = 2147483647;
			files = (
				045551E327881A3600BD58FE /* Superman.swift in Sources */,
				0410B56C2787DC8900B06283 /* DetailViewController.swift in Sources */,
				044DDAA0278D92C800E098BA /* UIImageView+.swift in Sources */,
				0410B5562786E51200B06283 /* AppDelegate.swift in Sources */,
				044DDA94278D7A0E00E098BA /* ImageCollectionCell.swift in Sources */,
				04253712278EC11600A79226 /* ActorDetailViewController.swift in Sources */,
				044DDA9D278D849C00E098BA /* MovieDetailViewController.swift in Sources */,
				044DDA91278D5EB700E098BA /* Actor.swift in Sources */,
				044DDAC8278E921000E098BA /* MovieDetailCollectionViewCell.swift in Sources */,
				044DDA82278D3B8400E098BA /* ListAlbumViewController.swift in Sources */,
				044DDA8B278D3F6400E098BA /* Movie.swift in Sources */,
				044DDA8F278D5E8F00E098BA /* Categories.swift in Sources */,
				045551EB278823C700BD58FE /* EditNameViewController.swift in Sources */,
				045551D62787EBB700BD58FE /* DetailTableViewCell.swift in Sources */,
				0410B5692786E5F700B06283 /* HomeViewController.swift in Sources */,
				045551DA2787FAFA00BD58FE /* ShowImageViewController.swift in Sources */,
			);
			runOnlyForDeploymentPostprocessing = 0;
		};
/* End PBXSourcesBuildPhase section */

/* Begin PBXVariantGroup section */
		0410B5592786E51200B06283 /* Main.storyboard */ = {
			isa = PBXVariantGroup;
			children = (
				0410B55A2786E51200B06283 /* Base */,
			);
			name = Main.storyboard;
			sourceTree = "<group>";
		};
		0410B55E2786E52000B06283 /* LaunchScreen.storyboard */ = {
			isa = PBXVariantGroup;
			children = (
				0410B55F2786E52000B06283 /* Base */,
			);
			name = LaunchScreen.storyboard;
			sourceTree = "<group>";
		};
/* End PBXVariantGroup section */

/* Begin XCBuildConfiguration section */
		0410B5622786E52000B06283 /* Debug */ = {
			isa = XCBuildConfiguration;
			buildSettings = {
				ALWAYS_SEARCH_USER_PATHS = NO;
				CLANG_ANALYZER_NONNULL = YES;
				CLANG_ANALYZER_NUMBER_OBJECT_CONVERSION = YES_AGGRESSIVE;
				CLANG_CXX_LANGUAGE_STANDARD = "gnu++14";
				CLANG_CXX_LIBRARY = "libc++";
				CLANG_ENABLE_MODULES = YES;
				CLANG_ENABLE_OBJC_ARC = YES;
				CLANG_ENABLE_OBJC_WEAK = YES;
				CLANG_WARN_BLOCK_CAPTURE_AUTORELEASING = YES;
				CLANG_WARN_BOOL_CONVERSION = YES;
				CLANG_WARN_COMMA = YES;
				CLANG_WARN_CONSTANT_CONVERSION = YES;
				CLANG_WARN_DEPRECATED_OBJC_IMPLEMENTATIONS = YES;
				CLANG_WARN_DIRECT_OBJC_ISA_USAGE = YES_ERROR;
				CLANG_WARN_DOCUMENTATION_COMMENTS = YES;
				CLANG_WARN_EMPTY_BODY = YES;
				CLANG_WARN_ENUM_CONVERSION = YES;
				CLANG_WARN_INFINITE_RECURSION = YES;
				CLANG_WARN_INT_CONVERSION = YES;
				CLANG_WARN_NON_LITERAL_NULL_CONVERSION = YES;
				CLANG_WARN_OBJC_IMPLICIT_RETAIN_SELF = YES;
				CLANG_WARN_OBJC_LITERAL_CONVERSION = YES;
				CLANG_WARN_OBJC_ROOT_CLASS = YES_ERROR;
				CLANG_WARN_RANGE_LOOP_ANALYSIS = YES;
				CLANG_WARN_STRICT_PROTOTYPES = YES;
				CLANG_WARN_SUSPICIOUS_MOVE = YES;
				CLANG_WARN_UNGUARDED_AVAILABILITY = YES_AGGRESSIVE;
				CLANG_WARN_UNREACHABLE_CODE = YES;
				CLANG_WARN__DUPLICATE_METHOD_MATCH = YES;
				CODE_SIGN_IDENTITY = "iPhone Developer";
				COPY_PHASE_STRIP = NO;
				DEBUG_INFORMATION_FORMAT = dwarf;
				ENABLE_STRICT_OBJC_MSGSEND = YES;
				ENABLE_TESTABILITY = YES;
				GCC_C_LANGUAGE_STANDARD = gnu11;
				GCC_DYNAMIC_NO_PIC = NO;
				GCC_NO_COMMON_BLOCKS = YES;
				GCC_OPTIMIZATION_LEVEL = 0;
				GCC_PREPROCESSOR_DEFINITIONS = (
					"DEBUG=1",
					"$(inherited)",
				);
				GCC_WARN_64_TO_32_BIT_CONVERSION = YES;
				GCC_WARN_ABOUT_RETURN_TYPE = YES_ERROR;
				GCC_WARN_UNDECLARED_SELECTOR = YES;
				GCC_WARN_UNINITIALIZED_AUTOS = YES_AGGRESSIVE;
				GCC_WARN_UNUSED_FUNCTION = YES;
				GCC_WARN_UNUSED_VARIABLE = YES;
				IPHONEOS_DEPLOYMENT_TARGET = 12.1;
				MTL_ENABLE_DEBUG_INFO = INCLUDE_SOURCE;
				MTL_FAST_MATH = YES;
				ONLY_ACTIVE_ARCH = YES;
				SDKROOT = iphoneos;
				SWIFT_ACTIVE_COMPILATION_CONDITIONS = DEBUG;
				SWIFT_OPTIMIZATION_LEVEL = "-Onone";
			};
			name = Debug;
		};
		0410B5632786E52000B06283 /* Release */ = {
			isa = XCBuildConfiguration;
			buildSettings = {
				ALWAYS_SEARCH_USER_PATHS = NO;
				CLANG_ANALYZER_NONNULL = YES;
				CLANG_ANALYZER_NUMBER_OBJECT_CONVERSION = YES_AGGRESSIVE;
				CLANG_CXX_LANGUAGE_STANDARD = "gnu++14";
				CLANG_CXX_LIBRARY = "libc++";
				CLANG_ENABLE_MODULES = YES;
				CLANG_ENABLE_OBJC_ARC = YES;
				CLANG_ENABLE_OBJC_WEAK = YES;
				CLANG_WARN_BLOCK_CAPTURE_AUTORELEASING = YES;
				CLANG_WARN_BOOL_CONVERSION = YES;
				CLANG_WARN_COMMA = YES;
				CLANG_WARN_CONSTANT_CONVERSION = YES;
				CLANG_WARN_DEPRECATED_OBJC_IMPLEMENTATIONS = YES;
				CLANG_WARN_DIRECT_OBJC_ISA_USAGE = YES_ERROR;
				CLANG_WARN_DOCUMENTATION_COMMENTS = YES;
				CLANG_WARN_EMPTY_BODY = YES;
				CLANG_WARN_ENUM_CONVERSION = YES;
				CLANG_WARN_INFINITE_RECURSION = YES;
				CLANG_WARN_INT_CONVERSION = YES;
				CLANG_WARN_NON_LITERAL_NULL_CONVERSION = YES;
				CLANG_WARN_OBJC_IMPLICIT_RETAIN_SELF = YES;
				CLANG_WARN_OBJC_LITERAL_CONVERSION = YES;
				CLANG_WARN_OBJC_ROOT_CLASS = YES_ERROR;
				CLANG_WARN_RANGE_LOOP_ANALYSIS = YES;
				CLANG_WARN_STRICT_PROTOTYPES = YES;
				CLANG_WARN_SUSPICIOUS_MOVE = YES;
				CLANG_WARN_UNGUARDED_AVAILABILITY = YES_AGGRESSIVE;
				CLANG_WARN_UNREACHABLE_CODE = YES;
				CLANG_WARN__DUPLICATE_METHOD_MATCH = YES;
				CODE_SIGN_IDENTITY = "iPhone Developer";
				COPY_PHASE_STRIP = NO;
				DEBUG_INFORMATION_FORMAT = "dwarf-with-dsym";
				ENABLE_NS_ASSERTIONS = NO;
				ENABLE_STRICT_OBJC_MSGSEND = YES;
				GCC_C_LANGUAGE_STANDARD = gnu11;
				GCC_NO_COMMON_BLOCKS = YES;
				GCC_WARN_64_TO_32_BIT_CONVERSION = YES;
				GCC_WARN_ABOUT_RETURN_TYPE = YES_ERROR;
				GCC_WARN_UNDECLARED_SELECTOR = YES;
				GCC_WARN_UNINITIALIZED_AUTOS = YES_AGGRESSIVE;
				GCC_WARN_UNUSED_FUNCTION = YES;
				GCC_WARN_UNUSED_VARIABLE = YES;
				IPHONEOS_DEPLOYMENT_TARGET = 12.1;
				MTL_ENABLE_DEBUG_INFO = NO;
				MTL_FAST_MATH = YES;
				SDKROOT = iphoneos;
				SWIFT_COMPILATION_MODE = wholemodule;
				SWIFT_OPTIMIZATION_LEVEL = "-O";
				VALIDATE_PRODUCT = YES;
			};
			name = Release;
		};
		0410B5652786E52000B06283 /* Debug */ = {
			isa = XCBuildConfiguration;
			buildSettings = {
				ASSETCATALOG_COMPILER_APPICON_NAME = AppIcon;
				CODE_SIGN_STYLE = Automatic;
				INFOPLIST_FILE = BTUIKIT/Info.plist;
				LD_RUNPATH_SEARCH_PATHS = (
					"$(inherited)",
					"@executable_path/Frameworks",
				);
				PRODUCT_BUNDLE_IDENTIFIER = identifier.demo.1.BTUIKIT;
				PRODUCT_NAME = "$(TARGET_NAME)";
				SWIFT_VERSION = 4.2;
				TARGETED_DEVICE_FAMILY = "1,2";
			};
			name = Debug;
		};
		0410B5662786E52000B06283 /* Release */ = {
			isa = XCBuildConfiguration;
			buildSettings = {
				ASSETCATALOG_COMPILER_APPICON_NAME = AppIcon;
				CODE_SIGN_STYLE = Automatic;
				INFOPLIST_FILE = BTUIKIT/Info.plist;
				LD_RUNPATH_SEARCH_PATHS = (
					"$(inherited)",
					"@executable_path/Frameworks",
				);
				PRODUCT_BUNDLE_IDENTIFIER = identifier.demo.1.BTUIKIT;
				PRODUCT_NAME = "$(TARGET_NAME)";
				SWIFT_VERSION = 4.2;
				TARGETED_DEVICE_FAMILY = "1,2";
			};
			name = Release;
		};
/* End XCBuildConfiguration section */

/* Begin XCConfigurationList section */
		0410B54D2786E51200B06283 /* Build configuration list for PBXProject "BTUIKIT" */ = {
			isa = XCConfigurationList;
			buildConfigurations = (
				0410B5622786E52000B06283 /* Debug */,
				0410B5632786E52000B06283 /* Release */,
			);
			defaultConfigurationIsVisible = 0;
			defaultConfigurationName = Release;
		};
		0410B5642786E52000B06283 /* Build configuration list for PBXNativeTarget "BTUIKIT" */ = {
			isa = XCConfigurationList;
			buildConfigurations = (
				0410B5652786E52000B06283 /* Debug */,
				0410B5662786E52000B06283 /* Release */,
			);
			defaultConfigurationIsVisible = 0;
			defaultConfigurationName = Release;
		};
/* End XCConfigurationList section */
	};
	rootObject = 0410B54A2786E51200B06283 /* Project object */;
}
